
Microsoft Visual Studio Solution File, Format Version 12.00
# Visual Studio Version 17
VisualStudioVersion = 17.11.35312.102
MinimumVisualStudioVersion = 10.0.40219.1
Project("{FAE04EC0-301F-11D3-BF4B-00C04F79EFBC}") = "HW17", "HW17.csproj", "{9146BE75-5589-41A3-9B89-D43ADBFD8AA2}"
EndProject
Global
	GlobalSection(SolutionConfigurationPlatforms) = preSolution
		Debug|Any CPU = Debug|Any CPU
		Release|Any CPU = Release|Any CPU
	EndGlobalSection
	GlobalSection(ProjectConfigurationPlatforms) = postSolution
		{9146BE75-5589-41A3-9B89-D43ADBFD8AA2}.Debug|Any CPU.ActiveCfg = Debug|Any CPU
		{9146BE75-5589-41A3-9B89-D43ADBFD8AA2}.Debug|Any CPU.Build.0 = Debug|Any CPU
		{9146BE75-5589-41A3-9B89-D43ADBFD8AA2}.Release|Any CPU.ActiveCfg = Release|Any CPU
		{9146BE75-5589-41A3-9B89-D43ADBFD8AA2}.Release|Any CPU.Build.0 = Release|Any CPU
	EndGlobalSection
	GlobalSection(SolutionProperties) = preSolution
		HideSolutionNode = FALSE
	EndGlobalSection
	GlobalSection(ExtensibilityGlobals) = postSolution
		SolutionGuid = {13A6508B-00E2-4BCD-9E9E-26A8C21DB4C2}
	EndGlobalSection
EndGlobal
