
Microsoft Visual Studio Solution File, Format Version 12.00
# Visual Studio Version 17
VisualStudioVersion = 17.11.35312.102
MinimumVisualStudioVersion = 10.0.40219.1
Project("{FAE04EC0-301F-11D3-BF4B-00C04F79EFBC}") = "HW02", "HW02.csproj", "{575A43F7-6568-4F36-9A25-732E21D112E6}"
EndProject
Global
	GlobalSection(SolutionConfigurationPlatforms) = preSolution
		Debug|Any CPU = Debug|Any CPU
		Release|Any CPU = Release|Any CPU
	EndGlobalSection
	GlobalSection(ProjectConfigurationPlatforms) = postSolution
		{575A43F7-6568-4F36-9A25-732E21D112E6}.Debug|Any CPU.ActiveCfg = Debug|Any CPU
		{575A43F7-6568-4F36-9A25-732E21D112E6}.Debug|Any CPU.Build.0 = Debug|Any CPU
		{575A43F7-6568-4F36-9A25-732E21D112E6}.Release|Any CPU.ActiveCfg = Release|Any CPU
		{575A43F7-6568-4F36-9A25-732E21D112E6}.Release|Any CPU.Build.0 = Release|Any CPU
	EndGlobalSection
	GlobalSection(SolutionProperties) = preSolution
		HideSolutionNode = FALSE
	EndGlobalSection
	GlobalSection(ExtensibilityGlobals) = postSolution
		SolutionGuid = {F876DAE0-3ACD-442B-83A6-C8FEA7FA688F}
	EndGlobalSection
EndGlobal
