
Microsoft Visual Studio Solution File, Format Version 12.00
# Visual Studio Version 17
VisualStudioVersion = 17.11.35312.102
MinimumVisualStudioVersion = 10.0.40219.1
Project("{FAE04EC0-301F-11D3-BF4B-00C04F79EFBC}") = "HW05", "HW05.csproj", "{9761FEB9-34AC-4A4A-B6E5-1BF2CA0F99FD}"
EndProject
Global
	GlobalSection(SolutionConfigurationPlatforms) = preSolution
		Debug|Any CPU = Debug|Any CPU
		Release|Any CPU = Release|Any CPU
	EndGlobalSection
	GlobalSection(ProjectConfigurationPlatforms) = postSolution
		{9761FEB9-34AC-4A4A-B6E5-1BF2CA0F99FD}.Debug|Any CPU.ActiveCfg = Debug|Any CPU
		{9761FEB9-34AC-4A4A-B6E5-1BF2CA0F99FD}.Debug|Any CPU.Build.0 = Debug|Any CPU
		{9761FEB9-34AC-4A4A-B6E5-1BF2CA0F99FD}.Release|Any CPU.ActiveCfg = Release|Any CPU
		{9761FEB9-34AC-4A4A-B6E5-1BF2CA0F99FD}.Release|Any CPU.Build.0 = Release|Any CPU
	EndGlobalSection
	GlobalSection(SolutionProperties) = preSolution
		HideSolutionNode = FALSE
	EndGlobalSection
	GlobalSection(ExtensibilityGlobals) = postSolution
		SolutionGuid = {80977256-EC20-4829-BB01-4A09630CB562}
	EndGlobalSection
EndGlobal
