
Microsoft Visual Studio Solution File, Format Version 12.00
# Visual Studio Version 17
VisualStudioVersion = 17.11.35312.102
MinimumVisualStudioVersion = 10.0.40219.1
Project("{FAE04EC0-301F-11D3-BF4B-00C04F79EFBC}") = "HW03", "HW03.csproj", "{0D11E5A1-2457-40E9-92C5-AC0B5049F122}"
EndProject
Global
	GlobalSection(SolutionConfigurationPlatforms) = preSolution
		Debug|Any CPU = Debug|Any CPU
		Release|Any CPU = Release|Any CPU
	EndGlobalSection
	GlobalSection(ProjectConfigurationPlatforms) = postSolution
		{0D11E5A1-2457-40E9-92C5-AC0B5049F122}.Debug|Any CPU.ActiveCfg = Debug|Any CPU
		{0D11E5A1-2457-40E9-92C5-AC0B5049F122}.Debug|Any CPU.Build.0 = Debug|Any CPU
		{0D11E5A1-2457-40E9-92C5-AC0B5049F122}.Release|Any CPU.ActiveCfg = Release|Any CPU
		{0D11E5A1-2457-40E9-92C5-AC0B5049F122}.Release|Any CPU.Build.0 = Release|Any CPU
	EndGlobalSection
	GlobalSection(SolutionProperties) = preSolution
		HideSolutionNode = FALSE
	EndGlobalSection
	GlobalSection(ExtensibilityGlobals) = postSolution
		SolutionGuid = {20576996-93F3-4CB5-A91D-005DD411B6C8}
	EndGlobalSection
EndGlobal
