
Microsoft Visual Studio Solution File, Format Version 12.00
# Visual Studio Version 17
VisualStudioVersion = 17.11.35327.3
MinimumVisualStudioVersion = 10.0.40219.1
Project("{FAE04EC0-301F-11D3-BF4B-00C04F79EFBC}") = "HW27", "HW27.csproj", "{D447B3A3-74CE-465F-84BA-F531058A94A7}"
EndProject
Global
	GlobalSection(SolutionConfigurationPlatforms) = preSolution
		Debug|Any CPU = Debug|Any CPU
		Release|Any CPU = Release|Any CPU
	EndGlobalSection
	GlobalSection(ProjectConfigurationPlatforms) = postSolution
		{D447B3A3-74CE-465F-84BA-F531058A94A7}.Debug|Any CPU.ActiveCfg = Debug|Any CPU
		{D447B3A3-74CE-465F-84BA-F531058A94A7}.Debug|Any CPU.Build.0 = Debug|Any CPU
		{D447B3A3-74CE-465F-84BA-F531058A94A7}.Release|Any CPU.ActiveCfg = Release|Any CPU
		{D447B3A3-74CE-465F-84BA-F531058A94A7}.Release|Any CPU.Build.0 = Release|Any CPU
	EndGlobalSection
	GlobalSection(SolutionProperties) = preSolution
		HideSolutionNode = FALSE
	EndGlobalSection
	GlobalSection(ExtensibilityGlobals) = postSolution
		SolutionGuid = {FA934D92-63A5-48DF-94B6-669A12228834}
	EndGlobalSection
EndGlobal
