
Microsoft Visual Studio Solution File, Format Version 12.00
# Visual Studio Version 17
VisualStudioVersion = 17.11.35327.3
MinimumVisualStudioVersion = 10.0.40219.1
Project("{FAE04EC0-301F-11D3-BF4B-00C04F79EFBC}") = "HW04", "HW04.csproj", "{7C0501D2-9174-49D5-8EE3-AFA4169A46BB}"
EndProject
Global
	GlobalSection(SolutionConfigurationPlatforms) = preSolution
		Debug|Any CPU = Debug|Any CPU
		Release|Any CPU = Release|Any CPU
	EndGlobalSection
	GlobalSection(ProjectConfigurationPlatforms) = postSolution
		{7C0501D2-9174-49D5-8EE3-AFA4169A46BB}.Debug|Any CPU.ActiveCfg = Debug|Any CPU
		{7C0501D2-9174-49D5-8EE3-AFA4169A46BB}.Debug|Any CPU.Build.0 = Debug|Any CPU
		{7C0501D2-9174-49D5-8EE3-AFA4169A46BB}.Release|Any CPU.ActiveCfg = Release|Any CPU
		{7C0501D2-9174-49D5-8EE3-AFA4169A46BB}.Release|Any CPU.Build.0 = Release|Any CPU
	EndGlobalSection
	GlobalSection(SolutionProperties) = preSolution
		HideSolutionNode = FALSE
	EndGlobalSection
	GlobalSection(ExtensibilityGlobals) = postSolution
		SolutionGuid = {4BB97B59-534E-4975-ACBF-2AF28794E075}
	EndGlobalSection
EndGlobal
