
Microsoft Visual Studio Solution File, Format Version 12.00
# Visual Studio Version 17
VisualStudioVersion = 17.11.35327.3
MinimumVisualStudioVersion = 10.0.40219.1
Project("{FAE04EC0-301F-11D3-BF4B-00C04F79EFBC}") = "HW22", "HW22.csproj", "{30098402-EA4A-4B89-9F57-F4C4D691C74E}"
EndProject
Global
	GlobalSection(SolutionConfigurationPlatforms) = preSolution
		Debug|Any CPU = Debug|Any CPU
		Release|Any CPU = Release|Any CPU
	EndGlobalSection
	GlobalSection(ProjectConfigurationPlatforms) = postSolution
		{30098402-EA4A-4B89-9F57-F4C4D691C74E}.Debug|Any CPU.ActiveCfg = Debug|Any CPU
		{30098402-EA4A-4B89-9F57-F4C4D691C74E}.Debug|Any CPU.Build.0 = Debug|Any CPU
		{30098402-EA4A-4B89-9F57-F4C4D691C74E}.Release|Any CPU.ActiveCfg = Release|Any CPU
		{30098402-EA4A-4B89-9F57-F4C4D691C74E}.Release|Any CPU.Build.0 = Release|Any CPU
	EndGlobalSection
	GlobalSection(SolutionProperties) = preSolution
		HideSolutionNode = FALSE
	EndGlobalSection
	GlobalSection(ExtensibilityGlobals) = postSolution
		SolutionGuid = {AB514AE3-B3F6-4416-B83F-52BDDBD0B4AB}
	EndGlobalSection
EndGlobal
