
Microsoft Visual Studio Solution File, Format Version 12.00
# Visual Studio Version 17
VisualStudioVersion = 17.11.35327.3
MinimumVisualStudioVersion = 10.0.40219.1
Project("{FAE04EC0-301F-11D3-BF4B-00C04F79EFBC}") = "HW02", "HW02.csproj", "{61717436-D410-4F43-BF85-05C9C128BFE2}"
EndProject
Global
	GlobalSection(SolutionConfigurationPlatforms) = preSolution
		Debug|Any CPU = Debug|Any CPU
		Release|Any CPU = Release|Any CPU
	EndGlobalSection
	GlobalSection(ProjectConfigurationPlatforms) = postSolution
		{61717436-D410-4F43-BF85-05C9C128BFE2}.Debug|Any CPU.ActiveCfg = Debug|Any CPU
		{61717436-D410-4F43-BF85-05C9C128BFE2}.Debug|Any CPU.Build.0 = Debug|Any CPU
		{61717436-D410-4F43-BF85-05C9C128BFE2}.Release|Any CPU.ActiveCfg = Release|Any CPU
		{61717436-D410-4F43-BF85-05C9C128BFE2}.Release|Any CPU.Build.0 = Release|Any CPU
	EndGlobalSection
	GlobalSection(SolutionProperties) = preSolution
		HideSolutionNode = FALSE
	EndGlobalSection
	GlobalSection(ExtensibilityGlobals) = postSolution
		SolutionGuid = {87D9D1B0-8015-416E-B3F3-D208CD3D3891}
	EndGlobalSection
EndGlobal
