
Microsoft Visual Studio Solution File, Format Version 12.00
# Visual Studio Version 17
VisualStudioVersion = 17.11.35327.3
MinimumVisualStudioVersion = 10.0.40219.1
Project("{FAE04EC0-301F-11D3-BF4B-00C04F79EFBC}") = "HW20", "HW20.csproj", "{F3B0151F-C661-4958-8F58-36205CF352DD}"
EndProject
Global
	GlobalSection(SolutionConfigurationPlatforms) = preSolution
		Debug|Any CPU = Debug|Any CPU
		Release|Any CPU = Release|Any CPU
	EndGlobalSection
	GlobalSection(ProjectConfigurationPlatforms) = postSolution
		{F3B0151F-C661-4958-8F58-36205CF352DD}.Debug|Any CPU.ActiveCfg = Debug|Any CPU
		{F3B0151F-C661-4958-8F58-36205CF352DD}.Debug|Any CPU.Build.0 = Debug|Any CPU
		{F3B0151F-C661-4958-8F58-36205CF352DD}.Release|Any CPU.ActiveCfg = Release|Any CPU
		{F3B0151F-C661-4958-8F58-36205CF352DD}.Release|Any CPU.Build.0 = Release|Any CPU
	EndGlobalSection
	GlobalSection(SolutionProperties) = preSolution
		HideSolutionNode = FALSE
	EndGlobalSection
	GlobalSection(ExtensibilityGlobals) = postSolution
		SolutionGuid = {2C522A38-B40D-404C-B1F8-9DD4235FB075}
	EndGlobalSection
EndGlobal
