
Microsoft Visual Studio Solution File, Format Version 12.00
# Visual Studio Version 17
VisualStudioVersion = 17.11.35327.3
MinimumVisualStudioVersion = 10.0.40219.1
Project("{FAE04EC0-301F-11D3-BF4B-00C04F79EFBC}") = "HW24", "HW24.csproj", "{46C1E2DB-2014-443A-AA09-534016D183D1}"
EndProject
Global
	GlobalSection(SolutionConfigurationPlatforms) = preSolution
		Debug|Any CPU = Debug|Any CPU
		Release|Any CPU = Release|Any CPU
	EndGlobalSection
	GlobalSection(ProjectConfigurationPlatforms) = postSolution
		{46C1E2DB-2014-443A-AA09-534016D183D1}.Debug|Any CPU.ActiveCfg = Debug|Any CPU
		{46C1E2DB-2014-443A-AA09-534016D183D1}.Debug|Any CPU.Build.0 = Debug|Any CPU
		{46C1E2DB-2014-443A-AA09-534016D183D1}.Release|Any CPU.ActiveCfg = Release|Any CPU
		{46C1E2DB-2014-443A-AA09-534016D183D1}.Release|Any CPU.Build.0 = Release|Any CPU
	EndGlobalSection
	GlobalSection(SolutionProperties) = preSolution
		HideSolutionNode = FALSE
	EndGlobalSection
	GlobalSection(ExtensibilityGlobals) = postSolution
		SolutionGuid = {327D159E-885C-453B-9E16-867DD2FB649C}
	EndGlobalSection
EndGlobal
